{
  "name": "echogrid",
  "version": "0.1.0",
  "lockfileVersion": 3,
  "requires": true,
  "packages": {
    "": {
      "name": "echogrid",
      "version": "0.1.0",
      "license": "UNLICENSED",
      "bin": {
        "echogrid": "bin/echogrid.js"
      },
      "engines": {
        "node": ">=20"
      }
    }
  }
}
